
Microsoft Visual Studio Solution File, Format Version 12.00
# Visual Studio Version 16
VisualStudioVersion = 16.0.31112.23
MinimumVisualStudioVersion = 10.0.40219.1
Project("{FAE04EC0-301F-11D3-BF4B-00C04F79EFBC}") = "FileSystem", "FileSystem\FileSystem.csproj", "{63289867-5745-49A8-9743-3002B03B5D98}"
EndProject
Global
	GlobalSection(SolutionConfigurationPlatforms) = preSolution
		Debug|Any CPU = Debug|Any CPU
		Release|Any CPU = Release|Any CPU
	EndGlobalSection
	GlobalSection(ProjectConfigurationPlatforms) = postSolution
		{63289867-5745-49A8-9743-3002B03B5D98}.Debug|Any CPU.ActiveCfg = Debug|Any CPU
		{63289867-5745-49A8-9743-3002B03B5D98}.Debug|Any CPU.Build.0 = Debug|Any CPU
		{63289867-5745-49A8-9743-3002B03B5D98}.Release|Any CPU.ActiveCfg = Release|Any CPU
		{63289867-5745-49A8-9743-3002B03B5D98}.Release|Any CPU.Build.0 = Release|Any CPU
	EndGlobalSection
	GlobalSection(SolutionProperties) = preSolution
		HideSolutionNode = FALSE
	EndGlobalSection
	GlobalSection(ExtensibilityGlobals) = postSolution
		SolutionGuid = {A8E453B1-E92E-42B9-90DB-6CE965191989}
	EndGlobalSection
EndGlobal
